
Microsoft Visual Studio Solution File, Format Version 12.00
# Visual Studio Version 17
VisualStudioVersion = 17.9.34607.119
MinimumVisualStudioVersion = 10.0.40219.1
Project("{9A19103F-16F7-4668-BE54-9A1E7A4F7556}") = "API", "API.csproj", "{F9A0105E-1E84-4A0F-9C25-20FD319434FD}"
EndProject
Project("{9A19103F-16F7-4668-BE54-9A1E7A4F7556}") = "Domain", "..\zeitara.domain\Domain.csproj", "{1A618D90-2B57-49C4-A6F4-E308FA0242B2}"
EndProject
Project("{9A19103F-16F7-4668-BE54-9A1E7A4F7556}") = "Infrastructure", "..\Infrastructure\Infrastructure.csproj", "{FA1876E2-CDE2-4B6B-86A4-AC5E2F4FA343}"
EndProject
Project("{9A19103F-16F7-4668-BE54-9A1E7A4F7556}") = "Application", "..\Application\Application.csproj", "{A33004D1-AD64-4A46-BF4B-F2EC834DF49E}"
EndProject
Global
	GlobalSection(SolutionConfigurationPlatforms) = preSolution
		Debug|Any CPU = Debug|Any CPU
		Release|Any CPU = Release|Any CPU
	EndGlobalSection
	GlobalSection(ProjectConfigurationPlatforms) = postSolution
		{F9A0105E-1E84-4A0F-9C25-20FD319434FD}.Debug|Any CPU.ActiveCfg = Debug|Any CPU
		{F9A0105E-1E84-4A0F-9C25-20FD319434FD}.Debug|Any CPU.Build.0 = Debug|Any CPU
		{F9A0105E-1E84-4A0F-9C25-20FD319434FD}.Release|Any CPU.ActiveCfg = Release|Any CPU
		{F9A0105E-1E84-4A0F-9C25-20FD319434FD}.Release|Any CPU.Build.0 = Release|Any CPU
		{1A618D90-2B57-49C4-A6F4-E308FA0242B2}.Debug|Any CPU.ActiveCfg = Debug|Any CPU
		{1A618D90-2B57-49C4-A6F4-E308FA0242B2}.Debug|Any CPU.Build.0 = Debug|Any CPU
		{1A618D90-2B57-49C4-A6F4-E308FA0242B2}.Release|Any CPU.ActiveCfg = Release|Any CPU
		{1A618D90-2B57-49C4-A6F4-E308FA0242B2}.Release|Any CPU.Build.0 = Release|Any CPU
		{FA1876E2-CDE2-4B6B-86A4-AC5E2F4FA343}.Debug|Any CPU.ActiveCfg = Debug|Any CPU
		{FA1876E2-CDE2-4B6B-86A4-AC5E2F4FA343}.Debug|Any CPU.Build.0 = Debug|Any CPU
		{FA1876E2-CDE2-4B6B-86A4-AC5E2F4FA343}.Release|Any CPU.ActiveCfg = Release|Any CPU
		{FA1876E2-CDE2-4B6B-86A4-AC5E2F4FA343}.Release|Any CPU.Build.0 = Release|Any CPU
		{A33004D1-AD64-4A46-BF4B-F2EC834DF49E}.Debug|Any CPU.ActiveCfg = Debug|Any CPU
		{A33004D1-AD64-4A46-BF4B-F2EC834DF49E}.Debug|Any CPU.Build.0 = Debug|Any CPU
		{A33004D1-AD64-4A46-BF4B-F2EC834DF49E}.Release|Any CPU.ActiveCfg = Release|Any CPU
		{A33004D1-AD64-4A46-BF4B-F2EC834DF49E}.Release|Any CPU.Build.0 = Release|Any CPU
	EndGlobalSection
	GlobalSection(SolutionProperties) = preSolution
		HideSolutionNode = FALSE
	EndGlobalSection
	GlobalSection(ExtensibilityGlobals) = postSolution
		SolutionGuid = {93F534F8-2709-4F65-A9A1-F930AB112A10}
	EndGlobalSection
EndGlobal
